
Microsoft Visual Studio Solution File, Format Version 12.00
# Visual Studio Version 16
VisualStudioVersion = 16.0.31424.327
MinimumVisualStudioVersion = 10.0.40219.1
Project("{FAE04EC0-301F-11D3-BF4B-00C04F79EFBC}") = "FileManager", "FileManager\FileManager.csproj", "{B86399B0-60A6-414B-B087-6603272972C7}"
EndProject
Global
	GlobalSection(SolutionConfigurationPlatforms) = preSolution
		Debug|Any CPU = Debug|Any CPU
		Release|Any CPU = Release|Any CPU
	EndGlobalSection
	GlobalSection(ProjectConfigurationPlatforms) = postSolution
		{B86399B0-60A6-414B-B087-6603272972C7}.Debug|Any CPU.ActiveCfg = Debug|Any CPU
		{B86399B0-60A6-414B-B087-6603272972C7}.Debug|Any CPU.Build.0 = Debug|Any CPU
		{B86399B0-60A6-414B-B087-6603272972C7}.Release|Any CPU.ActiveCfg = Release|Any CPU
		{B86399B0-60A6-414B-B087-6603272972C7}.Release|Any CPU.Build.0 = Release|Any CPU
	EndGlobalSection
	GlobalSection(SolutionProperties) = preSolution
		HideSolutionNode = FALSE
	EndGlobalSection
	GlobalSection(ExtensibilityGlobals) = postSolution
		SolutionGuid = {241543FD-E161-456B-ACFC-7D14A6700319}
	EndGlobalSection
EndGlobal
